
Microsoft Visual Studio Solution File, Format Version 12.00
# Visual Studio 15
VisualStudioVersion = 15.0.27130.2036
MinimumVisualStudioVersion = 10.0.40219.1
Project("{FAE04EC0-301F-11D3-BF4B-00C04F79EFBC}") = "Blechelse", "Blechelse.csproj", "{AE05DD2E-A1B0-44D1-91D6-B3B3D57323F8}"
EndProject
Global
	GlobalSection(SolutionConfigurationPlatforms) = preSolution
		Debug|Any CPU = Debug|Any CPU
		Release|Any CPU = Release|Any CPU
	EndGlobalSection
	GlobalSection(ProjectConfigurationPlatforms) = postSolution
		{AE05DD2E-A1B0-44D1-91D6-B3B3D57323F8}.Debug|Any CPU.ActiveCfg = Debug|Any CPU
		{AE05DD2E-A1B0-44D1-91D6-B3B3D57323F8}.Debug|Any CPU.Build.0 = Debug|Any CPU
		{AE05DD2E-A1B0-44D1-91D6-B3B3D57323F8}.Release|Any CPU.ActiveCfg = Release|Any CPU
		{AE05DD2E-A1B0-44D1-91D6-B3B3D57323F8}.Release|Any CPU.Build.0 = Release|Any CPU
	EndGlobalSection
	GlobalSection(SolutionProperties) = preSolution
		HideSolutionNode = FALSE
	EndGlobalSection
	GlobalSection(ExtensibilityGlobals) = postSolution
		SolutionGuid = {B2642B0E-9D38-4D9C-8852-61E60CD63EF7}
	EndGlobalSection
EndGlobal
